
Microsoft Visual Studio Solution File, Format Version 12.00
# Visual Studio Version 16
VisualStudioVersion = 16.0.29521.150
MinimumVisualStudioVersion = 10.0.40219.1
Project("{8BC9CEB8-8B4A-11D0-8D11-00A0C91BC942}") = "day01", "day1\day1.vcxproj", "{B27130B3-4ED9-494D-A5F6-DCE4D0FE2BE7}"
EndProject
Project("{8BC9CEB8-8B4A-11D0-8D11-00A0C91BC942}") = "day02", "day2\day2\day2.vcxproj", "{DBFB5903-02B1-45E8-AF09-34D6DEDB7036}"
EndProject
Project("{8BC9CEB8-8B4A-11D0-8D11-00A0C91BC942}") = "day03", "day3\day3.vcxproj", "{3C2093EF-8D05-452D-9845-A8AD847B30A2}"
EndProject
Project("{8BC9CEB8-8B4A-11D0-8D11-00A0C91BC942}") = "day04", "day4\day4.vcxproj", "{E07516E1-DA87-4DD1-99AC-1126B4846923}"
EndProject
Project("{8BC9CEB8-8B4A-11D0-8D11-00A0C91BC942}") = "day05", "day5\day5.vcxproj", "{6110B92F-5655-45D1-A586-CEB2CA4E443D}"
EndProject
Project("{8BC9CEB8-8B4A-11D0-8D11-00A0C91BC942}") = "day06", "day6\day6.vcxproj", "{B3EF8E85-F1AF-4E82-9009-D29039152B43}"
EndProject
Project("{8BC9CEB8-8B4A-11D0-8D11-00A0C91BC942}") = "day07", "day7\day7.vcxproj", "{7E8FE6E0-A041-46F5-90E1-04ED8F7D7E0A}"
EndProject
Project("{8BC9CEB8-8B4A-11D0-8D11-00A0C91BC942}") = "day08", "day8\day8.vcxproj", "{C1A64EF9-3816-4A99-B934-915DD6F7AE9D}"
EndProject
Project("{8BC9CEB8-8B4A-11D0-8D11-00A0C91BC942}") = "day09", "day9\day9.vcxproj", "{AB4ECA76-CC27-4CF7-ADCE-3F6CCC9E2EF4}"
EndProject
Project("{8BC9CEB8-8B4A-11D0-8D11-00A0C91BC942}") = "day10", "day10\day10.vcxproj", "{DDB85C32-D27D-4C2E-A134-4EC774887EB1}"
EndProject
Project("{8BC9CEB8-8B4A-11D0-8D11-00A0C91BC942}") = "day11", "day11\day11.vcxproj", "{678518AF-F7F8-4832-AC48-D73BEA591EDE}"
EndProject
Project("{8BC9CEB8-8B4A-11D0-8D11-00A0C91BC942}") = "day12", "day12\day12.vcxproj", "{DB65F463-5CDB-4976-851F-4159E8078EE8}"
EndProject
Project("{8BC9CEB8-8B4A-11D0-8D11-00A0C91BC942}") = "day13", "day13\day13.vcxproj", "{43C49EBC-C0D0-43F4-B028-1A766211BA3C}"
EndProject
Project("{8BC9CEB8-8B4A-11D0-8D11-00A0C91BC942}") = "day14", "day14\day14.vcxproj", "{0CA0CF36-25F4-4700-AEB3-E91FEDCBE453}"
EndProject
Project("{8BC9CEB8-8B4A-11D0-8D11-00A0C91BC942}") = "day15", "day15\day15.vcxproj", "{139F4EA0-145C-47C6-A430-0E4DFEDE5CAB}"
EndProject
Project("{8BC9CEB8-8B4A-11D0-8D11-00A0C91BC942}") = "day16", "day16\day16.vcxproj", "{E5F6E997-7A07-4723-A6A1-8191E7A20999}"
EndProject
Global
	GlobalSection(SolutionConfigurationPlatforms) = preSolution
		Debug|x64 = Debug|x64
		Debug|x86 = Debug|x86
		Release|x64 = Release|x64
		Release|x86 = Release|x86
	EndGlobalSection
	GlobalSection(ProjectConfigurationPlatforms) = postSolution
		{B27130B3-4ED9-494D-A5F6-DCE4D0FE2BE7}.Debug|x64.ActiveCfg = Debug|x64
		{B27130B3-4ED9-494D-A5F6-DCE4D0FE2BE7}.Debug|x64.Build.0 = Debug|x64
		{B27130B3-4ED9-494D-A5F6-DCE4D0FE2BE7}.Debug|x86.ActiveCfg = Debug|Win32
		{B27130B3-4ED9-494D-A5F6-DCE4D0FE2BE7}.Debug|x86.Build.0 = Debug|Win32
		{B27130B3-4ED9-494D-A5F6-DCE4D0FE2BE7}.Release|x64.ActiveCfg = Release|x64
		{B27130B3-4ED9-494D-A5F6-DCE4D0FE2BE7}.Release|x64.Build.0 = Release|x64
		{B27130B3-4ED9-494D-A5F6-DCE4D0FE2BE7}.Release|x86.ActiveCfg = Release|Win32
		{B27130B3-4ED9-494D-A5F6-DCE4D0FE2BE7}.Release|x86.Build.0 = Release|Win32
		{DBFB5903-02B1-45E8-AF09-34D6DEDB7036}.Debug|x64.ActiveCfg = Debug|x64
		{DBFB5903-02B1-45E8-AF09-34D6DEDB7036}.Debug|x64.Build.0 = Debug|x64
		{DBFB5903-02B1-45E8-AF09-34D6DEDB7036}.Debug|x86.ActiveCfg = Debug|Win32
		{DBFB5903-02B1-45E8-AF09-34D6DEDB7036}.Debug|x86.Build.0 = Debug|Win32
		{DBFB5903-02B1-45E8-AF09-34D6DEDB7036}.Release|x64.ActiveCfg = Release|x64
		{DBFB5903-02B1-45E8-AF09-34D6DEDB7036}.Release|x64.Build.0 = Release|x64
		{DBFB5903-02B1-45E8-AF09-34D6DEDB7036}.Release|x86.ActiveCfg = Release|Win32
		{DBFB5903-02B1-45E8-AF09-34D6DEDB7036}.Release|x86.Build.0 = Release|Win32
		{3C2093EF-8D05-452D-9845-A8AD847B30A2}.Debug|x64.ActiveCfg = Debug|x64
		{3C2093EF-8D05-452D-9845-A8AD847B30A2}.Debug|x64.Build.0 = Debug|x64
		{3C2093EF-8D05-452D-9845-A8AD847B30A2}.Debug|x86.ActiveCfg = Debug|Win32
		{3C2093EF-8D05-452D-9845-A8AD847B30A2}.Debug|x86.Build.0 = Debug|Win32
		{3C2093EF-8D05-452D-9845-A8AD847B30A2}.Release|x64.ActiveCfg = Release|x64
		{3C2093EF-8D05-452D-9845-A8AD847B30A2}.Release|x64.Build.0 = Release|x64
		{3C2093EF-8D05-452D-9845-A8AD847B30A2}.Release|x86.ActiveCfg = Release|Win32
		{3C2093EF-8D05-452D-9845-A8AD847B30A2}.Release|x86.Build.0 = Release|Win32
		{E07516E1-DA87-4DD1-99AC-1126B4846923}.Debug|x64.ActiveCfg = Debug|x64
		{E07516E1-DA87-4DD1-99AC-1126B4846923}.Debug|x64.Build.0 = Debug|x64
		{E07516E1-DA87-4DD1-99AC-1126B4846923}.Debug|x86.ActiveCfg = Debug|Win32
		{E07516E1-DA87-4DD1-99AC-1126B4846923}.Debug|x86.Build.0 = Debug|Win32
		{E07516E1-DA87-4DD1-99AC-1126B4846923}.Release|x64.ActiveCfg = Release|x64
		{E07516E1-DA87-4DD1-99AC-1126B4846923}.Release|x64.Build.0 = Release|x64
		{E07516E1-DA87-4DD1-99AC-1126B4846923}.Release|x86.ActiveCfg = Release|Win32
		{E07516E1-DA87-4DD1-99AC-1126B4846923}.Release|x86.Build.0 = Release|Win32
		{6110B92F-5655-45D1-A586-CEB2CA4E443D}.Debug|x64.ActiveCfg = Debug|x64
		{6110B92F-5655-45D1-A586-CEB2CA4E443D}.Debug|x64.Build.0 = Debug|x64
		{6110B92F-5655-45D1-A586-CEB2CA4E443D}.Debug|x86.ActiveCfg = Debug|Win32
		{6110B92F-5655-45D1-A586-CEB2CA4E443D}.Debug|x86.Build.0 = Debug|Win32
		{6110B92F-5655-45D1-A586-CEB2CA4E443D}.Release|x64.ActiveCfg = Release|x64
		{6110B92F-5655-45D1-A586-CEB2CA4E443D}.Release|x64.Build.0 = Release|x64
		{6110B92F-5655-45D1-A586-CEB2CA4E443D}.Release|x86.ActiveCfg = Release|Win32
		{6110B92F-5655-45D1-A586-CEB2CA4E443D}.Release|x86.Build.0 = Release|Win32
		{B3EF8E85-F1AF-4E82-9009-D29039152B43}.Debug|x64.ActiveCfg = Debug|x64
		{B3EF8E85-F1AF-4E82-9009-D29039152B43}.Debug|x64.Build.0 = Debug|x64
		{B3EF8E85-F1AF-4E82-9009-D29039152B43}.Debug|x86.ActiveCfg = Debug|Win32
		{B3EF8E85-F1AF-4E82-9009-D29039152B43}.Debug|x86.Build.0 = Debug|Win32
		{B3EF8E85-F1AF-4E82-9009-D29039152B43}.Release|x64.ActiveCfg = Release|x64
		{B3EF8E85-F1AF-4E82-9009-D29039152B43}.Release|x64.Build.0 = Release|x64
		{B3EF8E85-F1AF-4E82-9009-D29039152B43}.Release|x86.ActiveCfg = Release|Win32
		{B3EF8E85-F1AF-4E82-9009-D29039152B43}.Release|x86.Build.0 = Release|Win32
		{7E8FE6E0-A041-46F5-90E1-04ED8F7D7E0A}.Debug|x64.ActiveCfg = Debug|x64
		{7E8FE6E0-A041-46F5-90E1-04ED8F7D7E0A}.Debug|x64.Build.0 = Debug|x64
		{7E8FE6E0-A041-46F5-90E1-04ED8F7D7E0A}.Debug|x86.ActiveCfg = Debug|Win32
		{7E8FE6E0-A041-46F5-90E1-04ED8F7D7E0A}.Debug|x86.Build.0 = Debug|Win32
		{7E8FE6E0-A041-46F5-90E1-04ED8F7D7E0A}.Release|x64.ActiveCfg = Release|x64
		{7E8FE6E0-A041-46F5-90E1-04ED8F7D7E0A}.Release|x64.Build.0 = Release|x64
		{7E8FE6E0-A041-46F5-90E1-04ED8F7D7E0A}.Release|x86.ActiveCfg = Release|Win32
		{7E8FE6E0-A041-46F5-90E1-04ED8F7D7E0A}.Release|x86.Build.0 = Release|Win32
		{C1A64EF9-3816-4A99-B934-915DD6F7AE9D}.Debug|x64.ActiveCfg = Debug|x64
		{C1A64EF9-3816-4A99-B934-915DD6F7AE9D}.Debug|x64.Build.0 = Debug|x64
		{C1A64EF9-3816-4A99-B934-915DD6F7AE9D}.Debug|x86.ActiveCfg = Debug|Win32
		{C1A64EF9-3816-4A99-B934-915DD6F7AE9D}.Debug|x86.Build.0 = Debug|Win32
		{C1A64EF9-3816-4A99-B934-915DD6F7AE9D}.Release|x64.ActiveCfg = Release|x64
		{C1A64EF9-3816-4A99-B934-915DD6F7AE9D}.Release|x64.Build.0 = Release|x64
		{C1A64EF9-3816-4A99-B934-915DD6F7AE9D}.Release|x86.ActiveCfg = Release|Win32
		{C1A64EF9-3816-4A99-B934-915DD6F7AE9D}.Release|x86.Build.0 = Release|Win32
		{AB4ECA76-CC27-4CF7-ADCE-3F6CCC9E2EF4}.Debug|x64.ActiveCfg = Debug|x64
		{AB4ECA76-CC27-4CF7-ADCE-3F6CCC9E2EF4}.Debug|x64.Build.0 = Debug|x64
		{AB4ECA76-CC27-4CF7-ADCE-3F6CCC9E2EF4}.Debug|x86.ActiveCfg = Debug|Win32
		{AB4ECA76-CC27-4CF7-ADCE-3F6CCC9E2EF4}.Debug|x86.Build.0 = Debug|Win32
		{AB4ECA76-CC27-4CF7-ADCE-3F6CCC9E2EF4}.Release|x64.ActiveCfg = Release|x64
		{AB4ECA76-CC27-4CF7-ADCE-3F6CCC9E2EF4}.Release|x64.Build.0 = Release|x64
		{AB4ECA76-CC27-4CF7-ADCE-3F6CCC9E2EF4}.Release|x86.ActiveCfg = Release|Win32
		{AB4ECA76-CC27-4CF7-ADCE-3F6CCC9E2EF4}.Release|x86.Build.0 = Release|Win32
		{DDB85C32-D27D-4C2E-A134-4EC774887EB1}.Debug|x64.ActiveCfg = Debug|x64
		{DDB85C32-D27D-4C2E-A134-4EC774887EB1}.Debug|x64.Build.0 = Debug|x64
		{DDB85C32-D27D-4C2E-A134-4EC774887EB1}.Debug|x86.ActiveCfg = Debug|Win32
		{DDB85C32-D27D-4C2E-A134-4EC774887EB1}.Debug|x86.Build.0 = Debug|Win32
		{DDB85C32-D27D-4C2E-A134-4EC774887EB1}.Release|x64.ActiveCfg = Release|x64
		{DDB85C32-D27D-4C2E-A134-4EC774887EB1}.Release|x64.Build.0 = Release|x64
		{DDB85C32-D27D-4C2E-A134-4EC774887EB1}.Release|x86.ActiveCfg = Release|Win32
		{DDB85C32-D27D-4C2E-A134-4EC774887EB1}.Release|x86.Build.0 = Release|Win32
		{678518AF-F7F8-4832-AC48-D73BEA591EDE}.Debug|x64.ActiveCfg = Debug|x64
		{678518AF-F7F8-4832-AC48-D73BEA591EDE}.Debug|x64.Build.0 = Debug|x64
		{678518AF-F7F8-4832-AC48-D73BEA591EDE}.Debug|x86.ActiveCfg = Debug|Win32
		{678518AF-F7F8-4832-AC48-D73BEA591EDE}.Debug|x86.Build.0 = Debug|Win32
		{678518AF-F7F8-4832-AC48-D73BEA591EDE}.Release|x64.ActiveCfg = Release|x64
		{678518AF-F7F8-4832-AC48-D73BEA591EDE}.Release|x64.Build.0 = Release|x64
		{678518AF-F7F8-4832-AC48-D73BEA591EDE}.Release|x86.ActiveCfg = Release|Win32
		{678518AF-F7F8-4832-AC48-D73BEA591EDE}.Release|x86.Build.0 = Release|Win32
		{DB65F463-5CDB-4976-851F-4159E8078EE8}.Debug|x64.ActiveCfg = Debug|x64
		{DB65F463-5CDB-4976-851F-4159E8078EE8}.Debug|x64.Build.0 = Debug|x64
		{DB65F463-5CDB-4976-851F-4159E8078EE8}.Debug|x86.ActiveCfg = Debug|Win32
		{DB65F463-5CDB-4976-851F-4159E8078EE8}.Debug|x86.Build.0 = Debug|Win32
		{DB65F463-5CDB-4976-851F-4159E8078EE8}.Release|x64.ActiveCfg = Release|x64
		{DB65F463-5CDB-4976-851F-4159E8078EE8}.Release|x64.Build.0 = Release|x64
		{DB65F463-5CDB-4976-851F-4159E8078EE8}.Release|x86.ActiveCfg = Release|Win32
		{DB65F463-5CDB-4976-851F-4159E8078EE8}.Release|x86.Build.0 = Release|Win32
		{43C49EBC-C0D0-43F4-B028-1A766211BA3C}.Debug|x64.ActiveCfg = Debug|x64
		{43C49EBC-C0D0-43F4-B028-1A766211BA3C}.Debug|x64.Build.0 = Debug|x64
		{43C49EBC-C0D0-43F4-B028-1A766211BA3C}.Debug|x86.ActiveCfg = Debug|Win32
		{43C49EBC-C0D0-43F4-B028-1A766211BA3C}.Debug|x86.Build.0 = Debug|Win32
		{43C49EBC-C0D0-43F4-B028-1A766211BA3C}.Release|x64.ActiveCfg = Release|x64
		{43C49EBC-C0D0-43F4-B028-1A766211BA3C}.Release|x64.Build.0 = Release|x64
		{43C49EBC-C0D0-43F4-B028-1A766211BA3C}.Release|x86.ActiveCfg = Release|Win32
		{43C49EBC-C0D0-43F4-B028-1A766211BA3C}.Release|x86.Build.0 = Release|Win32
		{0CA0CF36-25F4-4700-AEB3-E91FEDCBE453}.Debug|x64.ActiveCfg = Debug|x64
		{0CA0CF36-25F4-4700-AEB3-E91FEDCBE453}.Debug|x64.Build.0 = Debug|x64
		{0CA0CF36-25F4-4700-AEB3-E91FEDCBE453}.Debug|x86.ActiveCfg = Debug|Win32
		{0CA0CF36-25F4-4700-AEB3-E91FEDCBE453}.Debug|x86.Build.0 = Debug|Win32
		{0CA0CF36-25F4-4700-AEB3-E91FEDCBE453}.Release|x64.ActiveCfg = Release|x64
		{0CA0CF36-25F4-4700-AEB3-E91FEDCBE453}.Release|x64.Build.0 = Release|x64
		{0CA0CF36-25F4-4700-AEB3-E91FEDCBE453}.Release|x86.ActiveCfg = Release|Win32
		{0CA0CF36-25F4-4700-AEB3-E91FEDCBE453}.Release|x86.Build.0 = Release|Win32
		{139F4EA0-145C-47C6-A430-0E4DFEDE5CAB}.Debug|x64.ActiveCfg = Debug|x64
		{139F4EA0-145C-47C6-A430-0E4DFEDE5CAB}.Debug|x64.Build.0 = Debug|x64
		{139F4EA0-145C-47C6-A430-0E4DFEDE5CAB}.Debug|x86.ActiveCfg = Debug|Win32
		{139F4EA0-145C-47C6-A430-0E4DFEDE5CAB}.Debug|x86.Build.0 = Debug|Win32
		{139F4EA0-145C-47C6-A430-0E4DFEDE5CAB}.Release|x64.ActiveCfg = Release|x64
		{139F4EA0-145C-47C6-A430-0E4DFEDE5CAB}.Release|x64.Build.0 = Release|x64
		{139F4EA0-145C-47C6-A430-0E4DFEDE5CAB}.Release|x86.ActiveCfg = Release|Win32
		{139F4EA0-145C-47C6-A430-0E4DFEDE5CAB}.Release|x86.Build.0 = Release|Win32
		{E5F6E997-7A07-4723-A6A1-8191E7A20999}.Debug|x64.ActiveCfg = Debug|x64
		{E5F6E997-7A07-4723-A6A1-8191E7A20999}.Debug|x64.Build.0 = Debug|x64
		{E5F6E997-7A07-4723-A6A1-8191E7A20999}.Debug|x86.ActiveCfg = Debug|Win32
		{E5F6E997-7A07-4723-A6A1-8191E7A20999}.Debug|x86.Build.0 = Debug|Win32
		{E5F6E997-7A07-4723-A6A1-8191E7A20999}.Release|x64.ActiveCfg = Release|x64
		{E5F6E997-7A07-4723-A6A1-8191E7A20999}.Release|x64.Build.0 = Release|x64
		{E5F6E997-7A07-4723-A6A1-8191E7A20999}.Release|x86.ActiveCfg = Release|Win32
		{E5F6E997-7A07-4723-A6A1-8191E7A20999}.Release|x86.Build.0 = Release|Win32
	EndGlobalSection
	GlobalSection(SolutionProperties) = preSolution
		HideSolutionNode = FALSE
	EndGlobalSection
	GlobalSection(ExtensibilityGlobals) = postSolution
		SolutionGuid = {8649E9D9-965B-40A0-B6E2-3C2434B2488F}
	EndGlobalSection
EndGlobal
